// !$*UTF8*$!
{
	archiveVersion = 1;
	classes = {
	};
	objectVersion = 50;
	objects = {

/* Begin PBXBuildFile section */
		940009C32458E9D50059FBA5 /* NetworkManager.swift in Sources */ = {isa = PBXBuildFile; fileRef = 940009C22458E9D50059FBA5 /* NetworkManager.swift */; };
		940009C62458FCEB0059FBA5 /* ErrorMessage.swift in Sources */ = {isa = PBXBuildFile; fileRef = 940009C52458FCEB0059FBA5 /* ErrorMessage.swift */; };
		942115D22458945800D14D90 /* GFTitleLabel.swift in Sources */ = {isa = PBXBuildFile; fileRef = 942115D12458945800D14D90 /* GFTitleLabel.swift */; };
		942115D42458966900D14D90 /* GFBodyLabel.swift in Sources */ = {isa = PBXBuildFile; fileRef = 942115D32458966900D14D90 /* GFBodyLabel.swift */; };
		942115D62458972100D14D90 /* GFAlertVC.swift in Sources */ = {isa = PBXBuildFile; fileRef = 942115D52458972100D14D90 /* GFAlertVC.swift */; };
		942115D82458AE1E00D14D90 /* UIViewController+Ext.swift in Sources */ = {isa = PBXBuildFile; fileRef = 942115D72458AE1E00D14D90 /* UIViewController+Ext.swift */; };
		942115E02458D53800D14D90 /* Follower.swift in Sources */ = {isa = PBXBuildFile; fileRef = 942115DF2458D53800D14D90 /* Follower.swift */; };
		942115E22458D8AF00D14D90 /* User.swift in Sources */ = {isa = PBXBuildFile; fileRef = 942115E12458D8AF00D14D90 /* User.swift */; };
		9466A9E8245CDAC300D17884 /* UIHelper.swift in Sources */ = {isa = PBXBuildFile; fileRef = 9466A9E7245CDAC300D17884 /* UIHelper.swift */; };
		94D27E02245B79BD005013A3 /* FollowerCell.swift in Sources */ = {isa = PBXBuildFile; fileRef = 94D27E01245B79BD005013A3 /* FollowerCell.swift */; };
		94D27E04245B7A45005013A3 /* GFAvatarImageView.swift in Sources */ = {isa = PBXBuildFile; fileRef = 94D27E03245B7A45005013A3 /* GFAvatarImageView.swift */; };
		94F3D07D245F8B8000405D3A /* GFEmptyStateView.swift in Sources */ = {isa = PBXBuildFile; fileRef = 94F3D07C245F8B8000405D3A /* GFEmptyStateView.swift */; };
		94FD695D2457610A00F49F35 /* AppDelegate.swift in Sources */ = {isa = PBXBuildFile; fileRef = 94FD695C2457610A00F49F35 /* AppDelegate.swift */; };
		94FD695F2457610A00F49F35 /* SceneDelegate.swift in Sources */ = {isa = PBXBuildFile; fileRef = 94FD695E2457610A00F49F35 /* SceneDelegate.swift */; };
		94FD69662457610E00F49F35 /* Assets.xcassets in Resources */ = {isa = PBXBuildFile; fileRef = 94FD69652457610E00F49F35 /* Assets.xcassets */; };
		94FD69692457610E00F49F35 /* LaunchScreen.storyboard in Resources */ = {isa = PBXBuildFile; fileRef = 94FD69672457610E00F49F35 /* LaunchScreen.storyboard */; };
		94FD697124577CA500F49F35 /* SearchVC.swift in Sources */ = {isa = PBXBuildFile; fileRef = 94FD697024577CA500F49F35 /* SearchVC.swift */; };
		94FD697324577CD000F49F35 /* FavoritesListVC.swift in Sources */ = {isa = PBXBuildFile; fileRef = 94FD697224577CD000F49F35 /* FavoritesListVC.swift */; };
		94FD697524579CE000F49F35 /* GFButton.swift in Sources */ = {isa = PBXBuildFile; fileRef = 94FD697424579CE000F49F35 /* GFButton.swift */; };
		94FD69772457A2EC00F49F35 /* GFTextField.swift in Sources */ = {isa = PBXBuildFile; fileRef = 94FD69762457A2EC00F49F35 /* GFTextField.swift */; };
		94FD69792458073B00F49F35 /* FollowerListVC.swift in Sources */ = {isa = PBXBuildFile; fileRef = 94FD69782458073B00F49F35 /* FollowerListVC.swift */; };
/* End PBXBuildFile section */

/* Begin PBXFileReference section */
		940009C22458E9D50059FBA5 /* NetworkManager.swift */ = {isa = PBXFileReference; lastKnownFileType = sourcecode.swift; path = NetworkManager.swift; sourceTree = "<group>"; };
		940009C52458FCEB0059FBA5 /* ErrorMessage.swift */ = {isa = PBXFileReference; lastKnownFileType = sourcecode.swift; path = ErrorMessage.swift; sourceTree = "<group>"; };
		942115D12458945800D14D90 /* GFTitleLabel.swift */ = {isa = PBXFileReference; lastKnownFileType = sourcecode.swift; path = GFTitleLabel.swift; sourceTree = "<group>"; };
		942115D32458966900D14D90 /* GFBodyLabel.swift */ = {isa = PBXFileReference; lastKnownFileType = sourcecode.swift; path = GFBodyLabel.swift; sourceTree = "<group>"; };
		942115D52458972100D14D90 /* GFAlertVC.swift */ = {isa = PBXFileReference; lastKnownFileType = sourcecode.swift; path = GFAlertVC.swift; sourceTree = "<group>"; };
		942115D72458AE1E00D14D90 /* UIViewController+Ext.swift */ = {isa = PBXFileReference; lastKnownFileType = sourcecode.swift; path = "UIViewController+Ext.swift"; sourceTree = "<group>"; };
		942115DF2458D53800D14D90 /* Follower.swift */ = {isa = PBXFileReference; lastKnownFileType = sourcecode.swift; path = Follower.swift; sourceTree = "<group>"; };
		942115E12458D8AF00D14D90 /* User.swift */ = {isa = PBXFileReference; lastKnownFileType = sourcecode.swift; path = User.swift; sourceTree = "<group>"; };
		9466A9E7245CDAC300D17884 /* UIHelper.swift */ = {isa = PBXFileReference; lastKnownFileType = sourcecode.swift; path = UIHelper.swift; sourceTree = "<group>"; };
		94D27E01245B79BD005013A3 /* FollowerCell.swift */ = {isa = PBXFileReference; lastKnownFileType = sourcecode.swift; path = FollowerCell.swift; sourceTree = "<group>"; };
		94D27E03245B7A45005013A3 /* GFAvatarImageView.swift */ = {isa = PBXFileReference; lastKnownFileType = sourcecode.swift; path = GFAvatarImageView.swift; sourceTree = "<group>"; };
		94F3D07C245F8B8000405D3A /* GFEmptyStateView.swift */ = {isa = PBXFileReference; lastKnownFileType = sourcecode.swift; path = GFEmptyStateView.swift; sourceTree = "<group>"; };
		94FD69592457610A00F49F35 /* GitHubFollowers.app */ = {isa = PBXFileReference; explicitFileType = wrapper.application; includeInIndex = 0; path = GitHubFollowers.app; sourceTree = BUILT_PRODUCTS_DIR; };
		94FD695C2457610A00F49F35 /* AppDelegate.swift */ = {isa = PBXFileReference; lastKnownFileType = sourcecode.swift; path = AppDelegate.swift; sourceTree = "<group>"; };
		94FD695E2457610A00F49F35 /* SceneDelegate.swift */ = {isa = PBXFileReference; lastKnownFileType = sourcecode.swift; path = SceneDelegate.swift; sourceTree = "<group>"; };
		94FD69652457610E00F49F35 /* Assets.xcassets */ = {isa = PBXFileReference; lastKnownFileType = folder.assetcatalog; path = Assets.xcassets; sourceTree = "<group>"; };
		94FD69682457610E00F49F35 /* Base */ = {isa = PBXFileReference; lastKnownFileType = file.storyboard; name = Base; path = Base.lproj/LaunchScreen.storyboard; sourceTree = "<group>"; };
		94FD696A2457610E00F49F35 /* Info.plist */ = {isa = PBXFileReference; lastKnownFileType = text.plist.xml; path = Info.plist; sourceTree = "<group>"; };
		94FD697024577CA500F49F35 /* SearchVC.swift */ = {isa = PBXFileReference; lastKnownFileType = sourcecode.swift; path = SearchVC.swift; sourceTree = "<group>"; };
		94FD697224577CD000F49F35 /* FavoritesListVC.swift */ = {isa = PBXFileReference; lastKnownFileType = sourcecode.swift; path = FavoritesListVC.swift; sourceTree = "<group>"; };
		94FD697424579CE000F49F35 /* GFButton.swift */ = {isa = PBXFileReference; lastKnownFileType = sourcecode.swift; path = GFButton.swift; sourceTree = "<group>"; };
		94FD69762457A2EC00F49F35 /* GFTextField.swift */ = {isa = PBXFileReference; lastKnownFileType = sourcecode.swift; path = GFTextField.swift; sourceTree = "<group>"; };
		94FD69782458073B00F49F35 /* FollowerListVC.swift */ = {isa = PBXFileReference; lastKnownFileType = sourcecode.swift; path = FollowerListVC.swift; sourceTree = "<group>"; };
/* End PBXFileReference section */

/* Begin PBXFrameworksBuildPhase section */
		94FD69562457610A00F49F35 /* Frameworks */ = {
			isa = PBXFrameworksBuildPhase;
			buildActionMask = 2147483647;
			files = (
			);
			runOnlyForDeploymentPostprocessing = 0;
		};
/* End PBXFrameworksBuildPhase section */

/* Begin PBXGroup section */
		940009C12458E9C30059FBA5 /* Managers */ = {
			isa = PBXGroup;
			children = (
				940009C22458E9D50059FBA5 /* NetworkManager.swift */,
			);
			path = Managers;
			sourceTree = "<group>";
		};
		940009C42458FCD80059FBA5 /* Utilities */ = {
			isa = PBXGroup;
			children = (
				940009C52458FCEB0059FBA5 /* ErrorMessage.swift */,
				9466A9E7245CDAC300D17884 /* UIHelper.swift */,
			);
			path = Utilities;
			sourceTree = "<group>";
		};
		942115D92458B21000D14D90 /* Screens */ = {
			isa = PBXGroup;
			children = (
				94FD697024577CA500F49F35 /* SearchVC.swift */,
				94FD69782458073B00F49F35 /* FollowerListVC.swift */,
				94FD697224577CD000F49F35 /* FavoritesListVC.swift */,
			);
			path = Screens;
			sourceTree = "<group>";
		};
		942115DA2458B25C00D14D90 /* Custom Views */ = {
			isa = PBXGroup;
			children = (
				94F3D07B245F8B2F00405D3A /* Labels */,
				94F3D07A245F8B1A00405D3A /* ViewControllers */,
				94F3D079245F8B1300405D3A /* ImageViews */,
				94F3D078245F8B0D00405D3A /* TextFields */,
				94F3D077245F8B0600405D3A /* Buttons */,
				94F3D076245F8AFF00405D3A /* Views */,
				94D27E00245B7987005013A3 /* Cells */,
			);
			path = "Custom Views";
			sourceTree = "<group>";
		};
		942115DB2458B28F00D14D90 /* Extensions */ = {
			isa = PBXGroup;
			children = (
				942115D72458AE1E00D14D90 /* UIViewController+Ext.swift */,
			);
			path = Extensions;
			sourceTree = "<group>";
		};
		942115DC2458B2ED00D14D90 /* Support */ = {
			isa = PBXGroup;
			children = (
				94FD695C2457610A00F49F35 /* AppDelegate.swift */,
				94FD695E2457610A00F49F35 /* SceneDelegate.swift */,
				94FD69652457610E00F49F35 /* Assets.xcassets */,
				94FD69672457610E00F49F35 /* LaunchScreen.storyboard */,
			);
			path = Support;
			sourceTree = "<group>";
		};
		942115DE2458D50A00D14D90 /* Model */ = {
			isa = PBXGroup;
			children = (
				942115DF2458D53800D14D90 /* Follower.swift */,
				942115E12458D8AF00D14D90 /* User.swift */,
			);
			path = Model;
			sourceTree = "<group>";
		};
		94D27E00245B7987005013A3 /* Cells */ = {
			isa = PBXGroup;
			children = (
				94D27E01245B79BD005013A3 /* FollowerCell.swift */,
			);
			path = Cells;
			sourceTree = "<group>";
		};
		94F3D076245F8AFF00405D3A /* Views */ = {
			isa = PBXGroup;
			children = (
				94F3D07C245F8B8000405D3A /* GFEmptyStateView.swift */,
			);
			path = Views;
			sourceTree = "<group>";
		};
		94F3D077245F8B0600405D3A /* Buttons */ = {
			isa = PBXGroup;
			children = (
				94FD697424579CE000F49F35 /* GFButton.swift */,
			);
			path = Buttons;
			sourceTree = "<group>";
		};
		94F3D078245F8B0D00405D3A /* TextFields */ = {
			isa = PBXGroup;
			children = (
				94FD69762457A2EC00F49F35 /* GFTextField.swift */,
			);
			path = TextFields;
			sourceTree = "<group>";
		};
		94F3D079245F8B1300405D3A /* ImageViews */ = {
			isa = PBXGroup;
			children = (
				94D27E03245B7A45005013A3 /* GFAvatarImageView.swift */,
			);
			path = ImageViews;
			sourceTree = "<group>";
		};
		94F3D07A245F8B1A00405D3A /* ViewControllers */ = {
			isa = PBXGroup;
			children = (
				942115D52458972100D14D90 /* GFAlertVC.swift */,
			);
			path = ViewControllers;
			sourceTree = "<group>";
		};
		94F3D07B245F8B2F00405D3A /* Labels */ = {
			isa = PBXGroup;
			children = (
				942115D12458945800D14D90 /* GFTitleLabel.swift */,
				942115D32458966900D14D90 /* GFBodyLabel.swift */,
			);
			path = Labels;
			sourceTree = "<group>";
		};
		94FD69502457610A00F49F35 = {
			isa = PBXGroup;
			children = (
				94FD695B2457610A00F49F35 /* GitHubFollowers */,
				94FD695A2457610A00F49F35 /* Products */,
			);
			sourceTree = "<group>";
		};
		94FD695A2457610A00F49F35 /* Products */ = {
			isa = PBXGroup;
			children = (
				94FD69592457610A00F49F35 /* GitHubFollowers.app */,
			);
			name = Products;
			sourceTree = "<group>";
		};
		94FD695B2457610A00F49F35 /* GitHubFollowers */ = {
			isa = PBXGroup;
			children = (
				940009C42458FCD80059FBA5 /* Utilities */,
				940009C12458E9C30059FBA5 /* Managers */,
				94FD696A2457610E00F49F35 /* Info.plist */,
				942115DE2458D50A00D14D90 /* Model */,
				942115DB2458B28F00D14D90 /* Extensions */,
				942115DA2458B25C00D14D90 /* Custom Views */,
				942115D92458B21000D14D90 /* Screens */,
				942115DC2458B2ED00D14D90 /* Support */,
			);
			path = GitHubFollowers;
			sourceTree = "<group>";
		};
/* End PBXGroup section */

/* Begin PBXNativeTarget section */
		94FD69582457610A00F49F35 /* GitHubFollowers */ = {
			isa = PBXNativeTarget;
			buildConfigurationList = 94FD696D2457610E00F49F35 /* Build configuration list for PBXNativeTarget "GitHubFollowers" */;
			buildPhases = (
				94FD69552457610A00F49F35 /* Sources */,
				94FD69562457610A00F49F35 /* Frameworks */,
				94FD69572457610A00F49F35 /* Resources */,
			);
			buildRules = (
			);
			dependencies = (
			);
			name = GitHubFollowers;
			productName = GitHubFollowers;
			productReference = 94FD69592457610A00F49F35 /* GitHubFollowers.app */;
			productType = "com.apple.product-type.application";
		};
/* End PBXNativeTarget section */

/* Begin PBXProject section */
		94FD69512457610A00F49F35 /* Project object */ = {
			isa = PBXProject;
			attributes = {
				LastSwiftUpdateCheck = 1140;
				LastUpgradeCheck = 1140;
				ORGANIZATIONNAME = "Lee Cooper";
				TargetAttributes = {
					94FD69582457610A00F49F35 = {
						CreatedOnToolsVersion = 11.4.1;
					};
				};
			};
			buildConfigurationList = 94FD69542457610A00F49F35 /* Build configuration list for PBXProject "GitHubFollowers" */;
			compatibilityVersion = "Xcode 9.3";
			developmentRegion = en;
			hasScannedForEncodings = 0;
			knownRegions = (
				en,
				Base,
			);
			mainGroup = 94FD69502457610A00F49F35;
			productRefGroup = 94FD695A2457610A00F49F35 /* Products */;
			projectDirPath = "";
			projectRoot = "";
			targets = (
				94FD69582457610A00F49F35 /* GitHubFollowers */,
			);
		};
/* End PBXProject section */

/* Begin PBXResourcesBuildPhase section */
		94FD69572457610A00F49F35 /* Resources */ = {
			isa = PBXResourcesBuildPhase;
			buildActionMask = 2147483647;
			files = (
				94FD69692457610E00F49F35 /* LaunchScreen.storyboard in Resources */,
				94FD69662457610E00F49F35 /* Assets.xcassets in Resources */,
			);
			runOnlyForDeploymentPostprocessing = 0;
		};
/* End PBXResourcesBuildPhase section */

/* Begin PBXSourcesBuildPhase section */
		94FD69552457610A00F49F35 /* Sources */ = {
			isa = PBXSourcesBuildPhase;
			buildActionMask = 2147483647;
			files = (
				942115E22458D8AF00D14D90 /* User.swift in Sources */,
				94FD69772457A2EC00F49F35 /* GFTextField.swift in Sources */,
				94FD69792458073B00F49F35 /* FollowerListVC.swift in Sources */,
				94FD697324577CD000F49F35 /* FavoritesListVC.swift in Sources */,
				942115D82458AE1E00D14D90 /* UIViewController+Ext.swift in Sources */,
				9466A9E8245CDAC300D17884 /* UIHelper.swift in Sources */,
				94D27E04245B7A45005013A3 /* GFAvatarImageView.swift in Sources */,
				94FD697524579CE000F49F35 /* GFButton.swift in Sources */,
				942115D62458972100D14D90 /* GFAlertVC.swift in Sources */,
				94D27E02245B79BD005013A3 /* FollowerCell.swift in Sources */,
				940009C62458FCEB0059FBA5 /* ErrorMessage.swift in Sources */,
				942115D42458966900D14D90 /* GFBodyLabel.swift in Sources */,
				942115E02458D53800D14D90 /* Follower.swift in Sources */,
				942115D22458945800D14D90 /* GFTitleLabel.swift in Sources */,
				94F3D07D245F8B8000405D3A /* GFEmptyStateView.swift in Sources */,
				940009C32458E9D50059FBA5 /* NetworkManager.swift in Sources */,
				94FD697124577CA500F49F35 /* SearchVC.swift in Sources */,
				94FD695D2457610A00F49F35 /* AppDelegate.swift in Sources */,
				94FD695F2457610A00F49F35 /* SceneDelegate.swift in Sources */,
			);
			runOnlyForDeploymentPostprocessing = 0;
		};
/* End PBXSourcesBuildPhase section */

/* Begin PBXVariantGroup section */
		94FD69672457610E00F49F35 /* LaunchScreen.storyboard */ = {
			isa = PBXVariantGroup;
			children = (
				94FD69682457610E00F49F35 /* Base */,
			);
			name = LaunchScreen.storyboard;
			sourceTree = "<group>";
		};
/* End PBXVariantGroup section */

/* Begin XCBuildConfiguration section */
		94FD696B2457610E00F49F35 /* Debug */ = {
			isa = XCBuildConfiguration;
			buildSettings = {
				ALWAYS_SEARCH_USER_PATHS = NO;
				CLANG_ANALYZER_NONNULL = YES;
				CLANG_ANALYZER_NUMBER_OBJECT_CONVERSION = YES_AGGRESSIVE;
				CLANG_CXX_LANGUAGE_STANDARD = "gnu++14";
				CLANG_CXX_LIBRARY = "libc++";
				CLANG_ENABLE_MODULES = YES;
				CLANG_ENABLE_OBJC_ARC = YES;
				CLANG_ENABLE_OBJC_WEAK = YES;
				CLANG_WARN_BLOCK_CAPTURE_AUTORELEASING = YES;
				CLANG_WARN_BOOL_CONVERSION = YES;
				CLANG_WARN_COMMA = YES;
				CLANG_WARN_CONSTANT_CONVERSION = YES;
				CLANG_WARN_DEPRECATED_OBJC_IMPLEMENTATIONS = YES;
				CLANG_WARN_DIRECT_OBJC_ISA_USAGE = YES_ERROR;
				CLANG_WARN_DOCUMENTATION_COMMENTS = YES;
				CLANG_WARN_EMPTY_BODY = YES;
				CLANG_WARN_ENUM_CONVERSION = YES;
				CLANG_WARN_INFINITE_RECURSION = YES;
				CLANG_WARN_INT_CONVERSION = YES;
				CLANG_WARN_NON_LITERAL_NULL_CONVERSION = YES;
				CLANG_WARN_OBJC_IMPLICIT_RETAIN_SELF = YES;
				CLANG_WARN_OBJC_LITERAL_CONVERSION = YES;
				CLANG_WARN_OBJC_ROOT_CLASS = YES_ERROR;
				CLANG_WARN_RANGE_LOOP_ANALYSIS = YES;
				CLANG_WARN_STRICT_PROTOTYPES = YES;
				CLANG_WARN_SUSPICIOUS_MOVE = YES;
				CLANG_WARN_UNGUARDED_AVAILABILITY = YES_AGGRESSIVE;
				CLANG_WARN_UNREACHABLE_CODE = YES;
				CLANG_WARN__DUPLICATE_METHOD_MATCH = YES;
				COPY_PHASE_STRIP = NO;
				DEBUG_INFORMATION_FORMAT = dwarf;
				ENABLE_STRICT_OBJC_MSGSEND = YES;
				ENABLE_TESTABILITY = YES;
				GCC_C_LANGUAGE_STANDARD = gnu11;
				GCC_DYNAMIC_NO_PIC = NO;
				GCC_NO_COMMON_BLOCKS = YES;
				GCC_OPTIMIZATION_LEVEL = 0;
				GCC_PREPROCESSOR_DEFINITIONS = (
					"DEBUG=1",
					"$(inherited)",
				);
				GCC_WARN_64_TO_32_BIT_CONVERSION = YES;
				GCC_WARN_ABOUT_RETURN_TYPE = YES_ERROR;
				GCC_WARN_UNDECLARED_SELECTOR = YES;
				GCC_WARN_UNINITIALIZED_AUTOS = YES_AGGRESSIVE;
				GCC_WARN_UNUSED_FUNCTION = YES;
				GCC_WARN_UNUSED_VARIABLE = YES;
				IPHONEOS_DEPLOYMENT_TARGET = 13.4;
				MTL_ENABLE_DEBUG_INFO = INCLUDE_SOURCE;
				MTL_FAST_MATH = YES;
				ONLY_ACTIVE_ARCH = YES;
				SDKROOT = iphoneos;
				SWIFT_ACTIVE_COMPILATION_CONDITIONS = DEBUG;
				SWIFT_OPTIMIZATION_LEVEL = "-Onone";
			};
			name = Debug;
		};
		94FD696C2457610E00F49F35 /* Release */ = {
			isa = XCBuildConfiguration;
			buildSettings = {
				ALWAYS_SEARCH_USER_PATHS = NO;
				CLANG_ANALYZER_NONNULL = YES;
				CLANG_ANALYZER_NUMBER_OBJECT_CONVERSION = YES_AGGRESSIVE;
				CLANG_CXX_LANGUAGE_STANDARD = "gnu++14";
				CLANG_CXX_LIBRARY = "libc++";
				CLANG_ENABLE_MODULES = YES;
				CLANG_ENABLE_OBJC_ARC = YES;
				CLANG_ENABLE_OBJC_WEAK = YES;
				CLANG_WARN_BLOCK_CAPTURE_AUTORELEASING = YES;
				CLANG_WARN_BOOL_CONVERSION = YES;
				CLANG_WARN_COMMA = YES;
				CLANG_WARN_CONSTANT_CONVERSION = YES;
				CLANG_WARN_DEPRECATED_OBJC_IMPLEMENTATIONS = YES;
				CLANG_WARN_DIRECT_OBJC_ISA_USAGE = YES_ERROR;
				CLANG_WARN_DOCUMENTATION_COMMENTS = YES;
				CLANG_WARN_EMPTY_BODY = YES;
				CLANG_WARN_ENUM_CONVERSION = YES;
				CLANG_WARN_INFINITE_RECURSION = YES;
				CLANG_WARN_INT_CONVERSION = YES;
				CLANG_WARN_NON_LITERAL_NULL_CONVERSION = YES;
				CLANG_WARN_OBJC_IMPLICIT_RETAIN_SELF = YES;
				CLANG_WARN_OBJC_LITERAL_CONVERSION = YES;
				CLANG_WARN_OBJC_ROOT_CLASS = YES_ERROR;
				CLANG_WARN_RANGE_LOOP_ANALYSIS = YES;
				CLANG_WARN_STRICT_PROTOTYPES = YES;
				CLANG_WARN_SUSPICIOUS_MOVE = YES;
				CLANG_WARN_UNGUARDED_AVAILABILITY = YES_AGGRESSIVE;
				CLANG_WARN_UNREACHABLE_CODE = YES;
				CLANG_WARN__DUPLICATE_METHOD_MATCH = YES;
				COPY_PHASE_STRIP = NO;
				DEBUG_INFORMATION_FORMAT = "dwarf-with-dsym";
				ENABLE_NS_ASSERTIONS = NO;
				ENABLE_STRICT_OBJC_MSGSEND = YES;
				GCC_C_LANGUAGE_STANDARD = gnu11;
				GCC_NO_COMMON_BLOCKS = YES;
				GCC_WARN_64_TO_32_BIT_CONVERSION = YES;
				GCC_WARN_ABOUT_RETURN_TYPE = YES_ERROR;
				GCC_WARN_UNDECLARED_SELECTOR = YES;
				GCC_WARN_UNINITIALIZED_AUTOS = YES_AGGRESSIVE;
				GCC_WARN_UNUSED_FUNCTION = YES;
				GCC_WARN_UNUSED_VARIABLE = YES;
				IPHONEOS_DEPLOYMENT_TARGET = 13.4;
				MTL_ENABLE_DEBUG_INFO = NO;
				MTL_FAST_MATH = YES;
				SDKROOT = iphoneos;
				SWIFT_COMPILATION_MODE = wholemodule;
				SWIFT_OPTIMIZATION_LEVEL = "-O";
				VALIDATE_PRODUCT = YES;
			};
			name = Release;
		};
		94FD696E2457610E00F49F35 /* Debug */ = {
			isa = XCBuildConfiguration;
			buildSettings = {
				ASSETCATALOG_COMPILER_APPICON_NAME = AppIcon;
				CODE_SIGN_STYLE = Automatic;
				DEVELOPMENT_TEAM = TJNMP2S528;
				INFOPLIST_FILE = GitHubFollowers/Info.plist;
				LD_RUNPATH_SEARCH_PATHS = (
					"$(inherited)",
					"@executable_path/Frameworks",
				);
				PRODUCT_BUNDLE_IDENTIFIER = com.leecooperapps.GitHubFollowers;
				PRODUCT_NAME = "$(TARGET_NAME)";
				SWIFT_VERSION = 5.0;
				TARGETED_DEVICE_FAMILY = 1;
			};
			name = Debug;
		};
		94FD696F2457610E00F49F35 /* Release */ = {
			isa = XCBuildConfiguration;
			buildSettings = {
				ASSETCATALOG_COMPILER_APPICON_NAME = AppIcon;
				CODE_SIGN_STYLE = Automatic;
				DEVELOPMENT_TEAM = TJNMP2S528;
				INFOPLIST_FILE = GitHubFollowers/Info.plist;
				LD_RUNPATH_SEARCH_PATHS = (
					"$(inherited)",
					"@executable_path/Frameworks",
				);
				PRODUCT_BUNDLE_IDENTIFIER = com.leecooperapps.GitHubFollowers;
				PRODUCT_NAME = "$(TARGET_NAME)";
				SWIFT_VERSION = 5.0;
				TARGETED_DEVICE_FAMILY = 1;
			};
			name = Release;
		};
/* End XCBuildConfiguration section */

/* Begin XCConfigurationList section */
		94FD69542457610A00F49F35 /* Build configuration list for PBXProject "GitHubFollowers" */ = {
			isa = XCConfigurationList;
			buildConfigurations = (
				94FD696B2457610E00F49F35 /* Debug */,
				94FD696C2457610E00F49F35 /* Release */,
			);
			defaultConfigurationIsVisible = 0;
			defaultConfigurationName = Release;
		};
		94FD696D2457610E00F49F35 /* Build configuration list for PBXNativeTarget "GitHubFollowers" */ = {
			isa = XCConfigurationList;
			buildConfigurations = (
				94FD696E2457610E00F49F35 /* Debug */,
				94FD696F2457610E00F49F35 /* Release */,
			);
			defaultConfigurationIsVisible = 0;
			defaultConfigurationName = Release;
		};
/* End XCConfigurationList section */
	};
	rootObject = 94FD69512457610A00F49F35 /* Project object */;
}
